
Microsoft Visual Studio Solution File, Format Version 12.00
# Visual Studio 15
VisualStudioVersion = 15.0.27428.2002
MinimumVisualStudioVersion = 10.0.40219.1
Project("{FAE04EC0-301F-11D3-BF4B-00C04F79EFBC}") = "ImageTest", "ImageTest\ImageTest.csproj", "{467B6100-5A8F-48B8-B9CE-2785ABB5E9D4}"
EndProject
Global
	GlobalSection(SolutionConfigurationPlatforms) = preSolution
		Debug|Any CPU = Debug|Any CPU
		Release|Any CPU = Release|Any CPU
	EndGlobalSection
	GlobalSection(ProjectConfigurationPlatforms) = postSolution
		{467B6100-5A8F-48B8-B9CE-2785ABB5E9D4}.Debug|Any CPU.ActiveCfg = Debug|Any CPU
		{467B6100-5A8F-48B8-B9CE-2785ABB5E9D4}.Debug|Any CPU.Build.0 = Debug|Any CPU
		{467B6100-5A8F-48B8-B9CE-2785ABB5E9D4}.Release|Any CPU.ActiveCfg = Release|Any CPU
		{467B6100-5A8F-48B8-B9CE-2785ABB5E9D4}.Release|Any CPU.Build.0 = Release|Any CPU
	EndGlobalSection
	GlobalSection(SolutionProperties) = preSolution
		HideSolutionNode = FALSE
	EndGlobalSection
	GlobalSection(ExtensibilityGlobals) = postSolution
		SolutionGuid = {8941F9AD-2412-4E34-A6B0-E916AD6F70B5}
	EndGlobalSection
EndGlobal
